
Microsoft Visual Studio Solution File, Format Version 12.00
# Visual Studio Version 17
VisualStudioVersion = 17.0.31512.422
MinimumVisualStudioVersion = 10.0.40219.1
Project("{FAE04EC0-301F-11D3-BF4B-00C04F79EFBC}") = "PlatformApp", "PlatformApp\PlatformApp.csproj", "{91193E87-AE8A-48F1-913A-EACAAED3B3FF}"
EndProject
Project("{FAE04EC0-301F-11D3-BF4B-00C04F79EFBC}") = "Plaform.Tests", "Plaform.Tests\Plaform.Tests.csproj", "{67CAE27C-CDA7-40D6-9C4B-EFA53A8E0E3C}"
EndProject
Global
	GlobalSection(SolutionConfigurationPlatforms) = preSolution
		Debug|Any CPU = Debug|Any CPU
		Release|Any CPU = Release|Any CPU
	EndGlobalSection
	GlobalSection(ProjectConfigurationPlatforms) = postSolution
		{91193E87-AE8A-48F1-913A-EACAAED3B3FF}.Debug|Any CPU.ActiveCfg = Debug|Any CPU
		{91193E87-AE8A-48F1-913A-EACAAED3B3FF}.Debug|Any CPU.Build.0 = Debug|Any CPU
		{91193E87-AE8A-48F1-913A-EACAAED3B3FF}.Release|Any CPU.ActiveCfg = Release|Any CPU
		{91193E87-AE8A-48F1-913A-EACAAED3B3FF}.Release|Any CPU.Build.0 = Release|Any CPU
		{67CAE27C-CDA7-40D6-9C4B-EFA53A8E0E3C}.Debug|Any CPU.ActiveCfg = Debug|Any CPU
		{67CAE27C-CDA7-40D6-9C4B-EFA53A8E0E3C}.Debug|Any CPU.Build.0 = Debug|Any CPU
		{67CAE27C-CDA7-40D6-9C4B-EFA53A8E0E3C}.Release|Any CPU.ActiveCfg = Release|Any CPU
		{67CAE27C-CDA7-40D6-9C4B-EFA53A8E0E3C}.Release|Any CPU.Build.0 = Release|Any CPU
	EndGlobalSection
	GlobalSection(SolutionProperties) = preSolution
		HideSolutionNode = FALSE
	EndGlobalSection
	GlobalSection(ExtensibilityGlobals) = postSolution
		SolutionGuid = {54A77969-F073-49B5-B575-A04D10E143E0}
	EndGlobalSection
EndGlobal
